
Microsoft Visual Studio Solution File, Format Version 12.00
# Visual Studio Version 16
VisualStudioVersion = 16.0.31205.134
MinimumVisualStudioVersion = 10.0.40219.1
Project("{FAE04EC0-301F-11D3-BF4B-00C04F79EFBC}") = "HashMaker5", "HashMaker5.csproj", "{E0D89F7B-95EE-4495-B4EE-CAF60F64DBB8}"
EndProject
Global
	GlobalSection(SolutionConfigurationPlatforms) = preSolution
		Debug|Any CPU = Debug|Any CPU
		Release|Any CPU = Release|Any CPU
	EndGlobalSection
	GlobalSection(ProjectConfigurationPlatforms) = postSolution
		{E0D89F7B-95EE-4495-B4EE-CAF60F64DBB8}.Debug|Any CPU.ActiveCfg = Debug|Any CPU
		{E0D89F7B-95EE-4495-B4EE-CAF60F64DBB8}.Debug|Any CPU.Build.0 = Debug|Any CPU
		{E0D89F7B-95EE-4495-B4EE-CAF60F64DBB8}.Release|Any CPU.ActiveCfg = Release|Any CPU
		{E0D89F7B-95EE-4495-B4EE-CAF60F64DBB8}.Release|Any CPU.Build.0 = Release|Any CPU
	EndGlobalSection
	GlobalSection(SolutionProperties) = preSolution
		HideSolutionNode = FALSE
	EndGlobalSection
	GlobalSection(ExtensibilityGlobals) = postSolution
		SolutionGuid = {ADECCD6E-5C94-4E6B-BFCD-3B56709604E4}
	EndGlobalSection
EndGlobal
